// !$*UTF8*$!
{
	archiveVersion = 1;
	classes = {
	};
	objectVersion = 50;
	objects = {

/* Begin PBXBuildFile section */
		79333EC42530D0E8000098B7 /* PantryApp.swift in Sources */ = {isa = PBXBuildFile; fileRef = 79333EC32530D0E8000098B7 /* PantryApp.swift */; };
		79333EC62530D0E8000098B7 /* ContentView.swift in Sources */ = {isa = PBXBuildFile; fileRef = 79333EC52530D0E8000098B7 /* ContentView.swift */; };
		79333EC82530D0EA000098B7 /* Assets.xcassets in Resources */ = {isa = PBXBuildFile; fileRef = 79333EC72530D0EA000098B7 /* Assets.xcassets */; };
		79333ECB2530D0EA000098B7 /* Preview Assets.xcassets in Resources */ = {isa = PBXBuildFile; fileRef = 79333ECA2530D0EA000098B7 /* Preview Assets.xcassets */; };
		79333ED42533AE64000098B7 /* IngredientsView.swift in Sources */ = {isa = PBXBuildFile; fileRef = 79333ED32533AE64000098B7 /* IngredientsView.swift */; };
		79333ED72533AE7B000098B7 /* RecipesView.swift in Sources */ = {isa = PBXBuildFile; fileRef = 79333ED62533AE7B000098B7 /* RecipesView.swift */; };
		79333EDA2533AE8C000098B7 /* RecipeView.swift in Sources */ = {isa = PBXBuildFile; fileRef = 79333ED92533AE8C000098B7 /* RecipeView.swift */; };
		79B688A625349CE700947785 /* CollectionView.swift in Sources */ = {isa = PBXBuildFile; fileRef = 79B688A525349CE700947785 /* CollectionView.swift */; };
		79B688AC25349DA500947785 /* CollectionViewImage.swift in Sources */ = {isa = PBXBuildFile; fileRef = 79B688AB25349DA500947785 /* CollectionViewImage.swift */; };
		79B688B025349E8B00947785 /* CollectionViewCell.swift in Sources */ = {isa = PBXBuildFile; fileRef = 79B688AF25349E8B00947785 /* CollectionViewCell.swift */; };
/* End PBXBuildFile section */

/* Begin PBXFileReference section */
		79333EC02530D0E8000098B7 /* Pantry.app */ = {isa = PBXFileReference; explicitFileType = wrapper.application; includeInIndex = 0; path = Pantry.app; sourceTree = BUILT_PRODUCTS_DIR; };
		79333EC32530D0E8000098B7 /* PantryApp.swift */ = {isa = PBXFileReference; lastKnownFileType = sourcecode.swift; path = PantryApp.swift; sourceTree = "<group>"; };
		79333EC52530D0E8000098B7 /* ContentView.swift */ = {isa = PBXFileReference; lastKnownFileType = sourcecode.swift; path = ContentView.swift; sourceTree = "<group>"; };
		79333EC72530D0EA000098B7 /* Assets.xcassets */ = {isa = PBXFileReference; lastKnownFileType = folder.assetcatalog; path = Assets.xcassets; sourceTree = "<group>"; };
		79333ECA2530D0EA000098B7 /* Preview Assets.xcassets */ = {isa = PBXFileReference; lastKnownFileType = folder.assetcatalog; path = "Preview Assets.xcassets"; sourceTree = "<group>"; };
		79333ECC2530D0EA000098B7 /* Info.plist */ = {isa = PBXFileReference; lastKnownFileType = text.plist.xml; path = Info.plist; sourceTree = "<group>"; };
		79333ED32533AE64000098B7 /* IngredientsView.swift */ = {isa = PBXFileReference; lastKnownFileType = sourcecode.swift; path = IngredientsView.swift; sourceTree = "<group>"; };
		79333ED62533AE7B000098B7 /* RecipesView.swift */ = {isa = PBXFileReference; lastKnownFileType = sourcecode.swift; path = RecipesView.swift; sourceTree = "<group>"; };
		79333ED92533AE8C000098B7 /* RecipeView.swift */ = {isa = PBXFileReference; lastKnownFileType = sourcecode.swift; path = RecipeView.swift; sourceTree = "<group>"; };
		79B688A525349CE700947785 /* CollectionView.swift */ = {isa = PBXFileReference; lastKnownFileType = sourcecode.swift; path = CollectionView.swift; sourceTree = "<group>"; };
		79B688AB25349DA500947785 /* CollectionViewImage.swift */ = {isa = PBXFileReference; lastKnownFileType = sourcecode.swift; path = CollectionViewImage.swift; sourceTree = "<group>"; };
		79B688AF25349E8B00947785 /* CollectionViewCell.swift */ = {isa = PBXFileReference; lastKnownFileType = sourcecode.swift; path = CollectionViewCell.swift; sourceTree = "<group>"; };
/* End PBXFileReference section */

/* Begin PBXFrameworksBuildPhase section */
		79333EBD2530D0E8000098B7 /* Frameworks */ = {
			isa = PBXFrameworksBuildPhase;
			buildActionMask = 2147483647;
			files = (
			);
			runOnlyForDeploymentPostprocessing = 0;
		};
/* End PBXFrameworksBuildPhase section */

/* Begin PBXGroup section */
		79333EB72530D0E8000098B7 = {
			isa = PBXGroup;
			children = (
				79333EC22530D0E8000098B7 /* Pantry */,
				79333EC12530D0E8000098B7 /* Products */,
			);
			sourceTree = "<group>";
		};
		79333EC12530D0E8000098B7 /* Products */ = {
			isa = PBXGroup;
			children = (
				79333EC02530D0E8000098B7 /* Pantry.app */,
			);
			name = Products;
			sourceTree = "<group>";
		};
		79333EC22530D0E8000098B7 /* Pantry */ = {
			isa = PBXGroup;
			children = (
				79333EC32530D0E8000098B7 /* PantryApp.swift */,
				79333EC52530D0E8000098B7 /* ContentView.swift */,
				79333EC72530D0EA000098B7 /* Assets.xcassets */,
				79333ECC2530D0EA000098B7 /* Info.plist */,
				79333EC92530D0EA000098B7 /* Preview Content */,
				79333ED32533AE64000098B7 /* IngredientsView.swift */,
				79B688A525349CE700947785 /* CollectionView.swift */,
				79B688AB25349DA500947785 /* CollectionViewImage.swift */,
				79B688AF25349E8B00947785 /* CollectionViewCell.swift */,
				79333ED62533AE7B000098B7 /* RecipesView.swift */,
				79333ED92533AE8C000098B7 /* RecipeView.swift */,
			);
			path = Pantry;
			sourceTree = "<group>";
		};
		79333EC92530D0EA000098B7 /* Preview Content */ = {
			isa = PBXGroup;
			children = (
				79333ECA2530D0EA000098B7 /* Preview Assets.xcassets */,
			);
			path = "Preview Content";
			sourceTree = "<group>";
		};
/* End PBXGroup section */

/* Begin PBXNativeTarget section */
		79333EBF2530D0E8000098B7 /* Pantry */ = {
			isa = PBXNativeTarget;
			buildConfigurationList = 79333ECF2530D0EA000098B7 /* Build configuration list for PBXNativeTarget "Pantry" */;
			buildPhases = (
				79333EBC2530D0E8000098B7 /* Sources */,
				79333EBD2530D0E8000098B7 /* Frameworks */,
				79333EBE2530D0E8000098B7 /* Resources */,
			);
			buildRules = (
			);
			dependencies = (
			);
			name = Pantry;
			productName = Pantry;
			productReference = 79333EC02530D0E8000098B7 /* Pantry.app */;
			productType = "com.apple.product-type.application";
		};
/* End PBXNativeTarget section */

/* Begin PBXProject section */
		79333EB82530D0E8000098B7 /* Project object */ = {
			isa = PBXProject;
			attributes = {
				LastSwiftUpdateCheck = 1200;
				LastUpgradeCheck = 1200;
				TargetAttributes = {
					79333EBF2530D0E8000098B7 = {
						CreatedOnToolsVersion = 12.0.1;
					};
				};
			};
			buildConfigurationList = 79333EBB2530D0E8000098B7 /* Build configuration list for PBXProject "Pantry" */;
			compatibilityVersion = "Xcode 9.3";
			developmentRegion = en;
			hasScannedForEncodings = 0;
			knownRegions = (
				en,
				Base,
			);
			mainGroup = 79333EB72530D0E8000098B7;
			productRefGroup = 79333EC12530D0E8000098B7 /* Products */;
			projectDirPath = "";
			projectRoot = "";
			targets = (
				79333EBF2530D0E8000098B7 /* Pantry */,
			);
		};
/* End PBXProject section */

/* Begin PBXResourcesBuildPhase section */
		79333EBE2530D0E8000098B7 /* Resources */ = {
			isa = PBXResourcesBuildPhase;
			buildActionMask = 2147483647;
			files = (
				79333ECB2530D0EA000098B7 /* Preview Assets.xcassets in Resources */,
				79333EC82530D0EA000098B7 /* Assets.xcassets in Resources */,
			);
			runOnlyForDeploymentPostprocessing = 0;
		};
/* End PBXResourcesBuildPhase section */

/* Begin PBXSourcesBuildPhase section */
		79333EBC2530D0E8000098B7 /* Sources */ = {
			isa = PBXSourcesBuildPhase;
			buildActionMask = 2147483647;
			files = (
				79B688A625349CE700947785 /* CollectionView.swift in Sources */,
				79333EC62530D0E8000098B7 /* ContentView.swift in Sources */,
				79B688B025349E8B00947785 /* CollectionViewCell.swift in Sources */,
				79333ED42533AE64000098B7 /* IngredientsView.swift in Sources */,
				79333ED72533AE7B000098B7 /* RecipesView.swift in Sources */,
				79333EC42530D0E8000098B7 /* PantryApp.swift in Sources */,
				79B688AC25349DA500947785 /* CollectionViewImage.swift in Sources */,
				79333EDA2533AE8C000098B7 /* RecipeView.swift in Sources */,
			);
			runOnlyForDeploymentPostprocessing = 0;
		};
/* End PBXSourcesBuildPhase section */

/* Begin XCBuildConfiguration section */
		79333ECD2530D0EA000098B7 /* Debug */ = {
			isa = XCBuildConfiguration;
			buildSettings = {
				ALWAYS_SEARCH_USER_PATHS = NO;
				CLANG_ANALYZER_NONNULL = YES;
				CLANG_ANALYZER_NUMBER_OBJECT_CONVERSION = YES_AGGRESSIVE;
				CLANG_CXX_LANGUAGE_STANDARD = "gnu++14";
				CLANG_CXX_LIBRARY = "libc++";
				CLANG_ENABLE_MODULES = YES;
				CLANG_ENABLE_OBJC_ARC = YES;
				CLANG_ENABLE_OBJC_WEAK = YES;
				CLANG_WARN_BLOCK_CAPTURE_AUTORELEASING = YES;
				CLANG_WARN_BOOL_CONVERSION = YES;
				CLANG_WARN_COMMA = YES;
				CLANG_WARN_CONSTANT_CONVERSION = YES;
				CLANG_WARN_DEPRECATED_OBJC_IMPLEMENTATIONS = YES;
				CLANG_WARN_DIRECT_OBJC_ISA_USAGE = YES_ERROR;
				CLANG_WARN_DOCUMENTATION_COMMENTS = YES;
				CLANG_WARN_EMPTY_BODY = YES;
				CLANG_WARN_ENUM_CONVERSION = YES;
				CLANG_WARN_INFINITE_RECURSION = YES;
				CLANG_WARN_INT_CONVERSION = YES;
				CLANG_WARN_NON_LITERAL_NULL_CONVERSION = YES;
				CLANG_WARN_OBJC_IMPLICIT_RETAIN_SELF = YES;
				CLANG_WARN_OBJC_LITERAL_CONVERSION = YES;
				CLANG_WARN_OBJC_ROOT_CLASS = YES_ERROR;
				CLANG_WARN_QUOTED_INCLUDE_IN_FRAMEWORK_HEADER = YES;
				CLANG_WARN_RANGE_LOOP_ANALYSIS = YES;
				CLANG_WARN_STRICT_PROTOTYPES = YES;
				CLANG_WARN_SUSPICIOUS_MOVE = YES;
				CLANG_WARN_UNGUARDED_AVAILABILITY = YES_AGGRESSIVE;
				CLANG_WARN_UNREACHABLE_CODE = YES;
				CLANG_WARN__DUPLICATE_METHOD_MATCH = YES;
				COPY_PHASE_STRIP = NO;
				DEBUG_INFORMATION_FORMAT = dwarf;
				ENABLE_STRICT_OBJC_MSGSEND = YES;
				ENABLE_TESTABILITY = YES;
				GCC_C_LANGUAGE_STANDARD = gnu11;
				GCC_DYNAMIC_NO_PIC = NO;
				GCC_NO_COMMON_BLOCKS = YES;
				GCC_OPTIMIZATION_LEVEL = 0;
				GCC_PREPROCESSOR_DEFINITIONS = (
					"DEBUG=1",
					"$(inherited)",
				);
				GCC_WARN_64_TO_32_BIT_CONVERSION = YES;
				GCC_WARN_ABOUT_RETURN_TYPE = YES_ERROR;
				GCC_WARN_UNDECLARED_SELECTOR = YES;
				GCC_WARN_UNINITIALIZED_AUTOS = YES_AGGRESSIVE;
				GCC_WARN_UNUSED_FUNCTION = YES;
				GCC_WARN_UNUSED_VARIABLE = YES;
				IPHONEOS_DEPLOYMENT_TARGET = 14.0;
				MTL_ENABLE_DEBUG_INFO = INCLUDE_SOURCE;
				MTL_FAST_MATH = YES;
				ONLY_ACTIVE_ARCH = YES;
				SDKROOT = iphoneos;
				SWIFT_ACTIVE_COMPILATION_CONDITIONS = DEBUG;
				SWIFT_OPTIMIZATION_LEVEL = "-Onone";
			};
			name = Debug;
		};
		79333ECE2530D0EA000098B7 /* Release */ = {
			isa = XCBuildConfiguration;
			buildSettings = {
				ALWAYS_SEARCH_USER_PATHS = NO;
				CLANG_ANALYZER_NONNULL = YES;
				CLANG_ANALYZER_NUMBER_OBJECT_CONVERSION = YES_AGGRESSIVE;
				CLANG_CXX_LANGUAGE_STANDARD = "gnu++14";
				CLANG_CXX_LIBRARY = "libc++";
				CLANG_ENABLE_MODULES = YES;
				CLANG_ENABLE_OBJC_ARC = YES;
				CLANG_ENABLE_OBJC_WEAK = YES;
				CLANG_WARN_BLOCK_CAPTURE_AUTORELEASING = YES;
				CLANG_WARN_BOOL_CONVERSION = YES;
				CLANG_WARN_COMMA = YES;
				CLANG_WARN_CONSTANT_CONVERSION = YES;
				CLANG_WARN_DEPRECATED_OBJC_IMPLEMENTATIONS = YES;
				CLANG_WARN_DIRECT_OBJC_ISA_USAGE = YES_ERROR;
				CLANG_WARN_DOCUMENTATION_COMMENTS = YES;
				CLANG_WARN_EMPTY_BODY = YES;
				CLANG_WARN_ENUM_CONVERSION = YES;
				CLANG_WARN_INFINITE_RECURSION = YES;
				CLANG_WARN_INT_CONVERSION = YES;
				CLANG_WARN_NON_LITERAL_NULL_CONVERSION = YES;
				CLANG_WARN_OBJC_IMPLICIT_RETAIN_SELF = YES;
				CLANG_WARN_OBJC_LITERAL_CONVERSION = YES;
				CLANG_WARN_OBJC_ROOT_CLASS = YES_ERROR;
				CLANG_WARN_QUOTED_INCLUDE_IN_FRAMEWORK_HEADER = YES;
				CLANG_WARN_RANGE_LOOP_ANALYSIS = YES;
				CLANG_WARN_STRICT_PROTOTYPES = YES;
				CLANG_WARN_SUSPICIOUS_MOVE = YES;
				CLANG_WARN_UNGUARDED_AVAILABILITY = YES_AGGRESSIVE;
				CLANG_WARN_UNREACHABLE_CODE = YES;
				CLANG_WARN__DUPLICATE_METHOD_MATCH = YES;
				COPY_PHASE_STRIP = NO;
				DEBUG_INFORMATION_FORMAT = "dwarf-with-dsym";
				ENABLE_NS_ASSERTIONS = NO;
				ENABLE_STRICT_OBJC_MSGSEND = YES;
				GCC_C_LANGUAGE_STANDARD = gnu11;
				GCC_NO_COMMON_BLOCKS = YES;
				GCC_WARN_64_TO_32_BIT_CONVERSION = YES;
				GCC_WARN_ABOUT_RETURN_TYPE = YES_ERROR;
				GCC_WARN_UNDECLARED_SELECTOR = YES;
				GCC_WARN_UNINITIALIZED_AUTOS = YES_AGGRESSIVE;
				GCC_WARN_UNUSED_FUNCTION = YES;
				GCC_WARN_UNUSED_VARIABLE = YES;
				IPHONEOS_DEPLOYMENT_TARGET = 14.0;
				MTL_ENABLE_DEBUG_INFO = NO;
				MTL_FAST_MATH = YES;
				SDKROOT = iphoneos;
				SWIFT_COMPILATION_MODE = wholemodule;
				SWIFT_OPTIMIZATION_LEVEL = "-O";
				VALIDATE_PRODUCT = YES;
			};
			name = Release;
		};
		79333ED02530D0EA000098B7 /* Debug */ = {
			isa = XCBuildConfiguration;
			buildSettings = {
				ASSETCATALOG_COMPILER_APPICON_NAME = AppIcon;
				ASSETCATALOG_COMPILER_GLOBAL_ACCENT_COLOR_NAME = AccentColor;
				CODE_SIGN_STYLE = Automatic;
				DEVELOPMENT_ASSET_PATHS = "\"Pantry/Preview Content\"";
				DEVELOPMENT_TEAM = TPBKF44M5H;
				ENABLE_PREVIEWS = YES;
				INFOPLIST_FILE = Pantry/Info.plist;
				IPHONEOS_DEPLOYMENT_TARGET = 14.0;
				LD_RUNPATH_SEARCH_PATHS = (
					"$(inherited)",
					"@executable_path/Frameworks",
				);
				PRODUCT_BUNDLE_IDENTIFIER = "Yams-dev.Pantry";
				PRODUCT_NAME = "$(TARGET_NAME)";
				SWIFT_VERSION = 5.0;
				TARGETED_DEVICE_FAMILY = "1,2";
			};
			name = Debug;
		};
		79333ED12530D0EA000098B7 /* Release */ = {
			isa = XCBuildConfiguration;
			buildSettings = {
				ASSETCATALOG_COMPILER_APPICON_NAME = AppIcon;
				ASSETCATALOG_COMPILER_GLOBAL_ACCENT_COLOR_NAME = AccentColor;
				CODE_SIGN_STYLE = Automatic;
				DEVELOPMENT_ASSET_PATHS = "\"Pantry/Preview Content\"";
				DEVELOPMENT_TEAM = TPBKF44M5H;
				ENABLE_PREVIEWS = YES;
				INFOPLIST_FILE = Pantry/Info.plist;
				IPHONEOS_DEPLOYMENT_TARGET = 14.0;
				LD_RUNPATH_SEARCH_PATHS = (
					"$(inherited)",
					"@executable_path/Frameworks",
				);
				PRODUCT_BUNDLE_IDENTIFIER = "Yams-dev.Pantry";
				PRODUCT_NAME = "$(TARGET_NAME)";
				SWIFT_VERSION = 5.0;
				TARGETED_DEVICE_FAMILY = "1,2";
			};
			name = Release;
		};
/* End XCBuildConfiguration section */

/* Begin XCConfigurationList section */
		79333EBB2530D0E8000098B7 /* Build configuration list for PBXProject "Pantry" */ = {
			isa = XCConfigurationList;
			buildConfigurations = (
				79333ECD2530D0EA000098B7 /* Debug */,
				79333ECE2530D0EA000098B7 /* Release */,
			);
			defaultConfigurationIsVisible = 0;
			defaultConfigurationName = Release;
		};
		79333ECF2530D0EA000098B7 /* Build configuration list for PBXNativeTarget "Pantry" */ = {
			isa = XCConfigurationList;
			buildConfigurations = (
				79333ED02530D0EA000098B7 /* Debug */,
				79333ED12530D0EA000098B7 /* Release */,
			);
			defaultConfigurationIsVisible = 0;
			defaultConfigurationName = Release;
		};
/* End XCConfigurationList section */
	};
	rootObject = 79333EB82530D0E8000098B7 /* Project object */;
}
